
Microsoft Visual Studio Solution File, Format Version 12.00
# Visual Studio 15
VisualStudioVersion = 15.0.28307.1684
MinimumVisualStudioVersion = 10.0.40219.1
Project("{8BC9CEB8-8B4A-11D0-8D11-00A0C91BC942}") = "HW", "HW\HW.vcxproj", "{29635D30-B439-40C8-BA55-266855EC4213}"
EndProject
Global
	GlobalSection(SolutionConfigurationPlatforms) = preSolution
		Debug|x64 = Debug|x64
		Debug|x86 = Debug|x86
		Release|x64 = Release|x64
		Release|x86 = Release|x86
	EndGlobalSection
	GlobalSection(ProjectConfigurationPlatforms) = postSolution
		{29635D30-B439-40C8-BA55-266855EC4213}.Debug|x64.ActiveCfg = Debug|x64
		{29635D30-B439-40C8-BA55-266855EC4213}.Debug|x64.Build.0 = Debug|x64
		{29635D30-B439-40C8-BA55-266855EC4213}.Debug|x86.ActiveCfg = Debug|Win32
		{29635D30-B439-40C8-BA55-266855EC4213}.Debug|x86.Build.0 = Debug|Win32
		{29635D30-B439-40C8-BA55-266855EC4213}.Release|x64.ActiveCfg = Release|x64
		{29635D30-B439-40C8-BA55-266855EC4213}.Release|x64.Build.0 = Release|x64
		{29635D30-B439-40C8-BA55-266855EC4213}.Release|x86.ActiveCfg = Release|Win32
		{29635D30-B439-40C8-BA55-266855EC4213}.Release|x86.Build.0 = Release|Win32
	EndGlobalSection
	GlobalSection(SolutionProperties) = preSolution
		HideSolutionNode = FALSE
	EndGlobalSection
	GlobalSection(ExtensibilityGlobals) = postSolution
		SolutionGuid = {5B4E98CD-FCF0-47F7-91CD-792853C0BD9E}
	EndGlobalSection
EndGlobal
